PODS:
  - Alamofire (4.4.0)
  - PortalCommunication (1.0.0):
    - Alamofire

DEPENDENCIES:
  - PortalCommunication (from `/Users/vasilij_orlov/Documents/Portal/Library/PortalCommunication`)

EXTERNAL SOURCES:
  PortalCommunication:
    :path: "/Users/vasilij_orlov/Documents/Portal/Library/PortalCommunication"

SPEC CHECKSUMS:
  Alamofire: dc44b1600b800eb63da6a19039a0083d62a6a62d
  PortalCommunication: 3a468b3937534cf648859450546792196a49e30e

PODFILE CHECKSUM: fbbfffc89f2f59280ed2e756d7567101e31549e0

COCOAPODS: 1.2.0
